
Microsoft Visual Studio Solution File, Format Version 12.00
# Visual Studio Version 16
VisualStudioVersion = 16.0.31105.61
MinimumVisualStudioVersion = 10.0.40219.1
Project("{2150E333-8FDC-42A3-9474-1A3956D46DE8}") = "source", "source", "{4E077483-DB82-4661-B148-7ED0DD302D7F}"
EndProject
Project("{2150E333-8FDC-42A3-9474-1A3956D46DE8}") = "WebUI", "WebUI", "{52C9BE14-0003-4875-B779-C3A71F6684A2}"
EndProject
Project("{FAE04EC0-301F-11D3-BF4B-00C04F79EFBC}") = "AzureFunctions", "source\WebUI\AzureFunctions\AzureFunctions.csproj", "{3AB15473-C341-443D-9C2D-5DDBF642A250}"
EndProject
Global
	GlobalSection(SolutionConfigurationPlatforms) = preSolution
		Debug|Any CPU = Debug|Any CPU
		Release|Any CPU = Release|Any CPU
	EndGlobalSection
	GlobalSection(ProjectConfigurationPlatforms) = postSolution
		{3AB15473-C341-443D-9C2D-5DDBF642A250}.Debug|Any CPU.ActiveCfg = Debug|Any CPU
		{3AB15473-C341-443D-9C2D-5DDBF642A250}.Debug|Any CPU.Build.0 = Debug|Any CPU
		{3AB15473-C341-443D-9C2D-5DDBF642A250}.Release|Any CPU.ActiveCfg = Release|Any CPU
		{3AB15473-C341-443D-9C2D-5DDBF642A250}.Release|Any CPU.Build.0 = Release|Any CPU
	EndGlobalSection
	GlobalSection(SolutionProperties) = preSolution
		HideSolutionNode = FALSE
	EndGlobalSection
	GlobalSection(NestedProjects) = preSolution
		{52C9BE14-0003-4875-B779-C3A71F6684A2} = {4E077483-DB82-4661-B148-7ED0DD302D7F}
		{3AB15473-C341-443D-9C2D-5DDBF642A250} = {52C9BE14-0003-4875-B779-C3A71F6684A2}
	EndGlobalSection
	GlobalSection(ExtensibilityGlobals) = postSolution
		SolutionGuid = {60F586AF-A36D-45BA-B7FA-03FBA1D2C47A}
	EndGlobalSection
EndGlobal
